
Microsoft Visual Studio Solution File, Format Version 12.00
# Visual Studio Version 17
VisualStudioVersion = 17.9.34607.119
MinimumVisualStudioVersion = 10.0.40219.1
Project("{FAE04EC0-301F-11D3-BF4B-00C04F79EFBC}") = "GUIarmstrong", "GUIarmstrong.csproj", "{2914F06E-8120-4041-AF04-26E1FF120BD8}"
EndProject
Global
	GlobalSection(SolutionConfigurationPlatforms) = preSolution
		Debug|Any CPU = Debug|Any CPU
		Release|Any CPU = Release|Any CPU
	EndGlobalSection
	GlobalSection(ProjectConfigurationPlatforms) = postSolution
		{2914F06E-8120-4041-AF04-26E1FF120BD8}.Debug|Any CPU.ActiveCfg = Debug|Any CPU
		{2914F06E-8120-4041-AF04-26E1FF120BD8}.Debug|Any CPU.Build.0 = Debug|Any CPU
		{2914F06E-8120-4041-AF04-26E1FF120BD8}.Release|Any CPU.ActiveCfg = Release|Any CPU
		{2914F06E-8120-4041-AF04-26E1FF120BD8}.Release|Any CPU.Build.0 = Release|Any CPU
	EndGlobalSection
	GlobalSection(SolutionProperties) = preSolution
		HideSolutionNode = FALSE
	EndGlobalSection
	GlobalSection(ExtensibilityGlobals) = postSolution
		SolutionGuid = {F34775C3-3669-4F12-BDE4-BCFC1A15D97C}
	EndGlobalSection
EndGlobal
